<?xml version="1.0" encoding="utf-8"?>
<Project ToolsVersion="4.0" xmlns="http://schemas.microsoft.com/developer/msbuild/2003">
  <ItemGroup>
    <Filter Include="Source Files">
      <UniqueIdentifier>{4FC737F1-C7A5-4376-A066-2A32D752A2FF}</UniqueIdentifier>
      <Extensions>cpp;c;cc;cxx;def;odl;idl;hpj;bat;asm;asmx</Extensions>
    </Filter>
    <Filter Include="Header Files">
      <UniqueIdentifier>{93995380-89BD-4b04-88EB-625FBE52EBFB}</UniqueIdentifier>
      <Extensions>h;hh;hpp;hxx;hm;inl;inc;xsd</Extensions>
    </Filter>
    <Filter Include="Resource Files">
      <UniqueIdentifier>{67DA6AB6-F800-4c08-8B7A-83BB121AAD01}</UniqueIdentifier>
      <Extensions>rc;ico;cur;bmp;dlg;rc2;rct;bin;rgs;gif;jpg;jpeg;jpe;resx;tiff;tif;png;wav;mfcribbon-ms</Extensions>
    </Filter>
  </ItemGroup>
  <ItemGroup>
    <Text Include="in1.txt" />
    <Text Include="in2.txt" />
    <Text Include="in3.txt" />
  </ItemGroup>
  <ItemGroup>
    <ClInclude Include="includes\Baker.h">
      <Filter>Header Files</Filter>
    </ClInclude>
    <ClInclude Include="includes\constants.h">
      <Filter>Header Files</Filter>
    </ClInclude>
    <ClInclude Include="includes\logger.h">
      <Filter>Header Files</Filter>
    </ClInclude>
    <ClInclude Include="includes\Waiter.h">
      <Filter>Header Files</Filter>
    </ClInclude>
    <ClInclude Include="includes\box.h">
      <Filter>Header Files</Filter>
    </ClInclude>
    <ClInclude Include="includes\datastructs.h">
      <Filter>Header Files</Filter>
    </ClInclude>
    <ClInclude Include="includes\File_IO.h">
      <Filter>Header Files</Filter>
    </ClInclude>
    <ClInclude Include="includes\externs.h">
      <Filter>Header Files</Filter>
    </ClInclude>
    <ClInclude Include="includes\PRINT.h">
      <Filter>Header Files</Filter>
    </ClInclude>
  </ItemGroup>
  <ItemGroup>
    <ClCompile Include="Baker\Baker.cpp">
      <Filter>Source Files</Filter>
    </ClCompile>
    <ClCompile Include="logger\logger.cpp">
      <Filter>Source Files</Filter>
    </ClCompile>
    <ClCompile Include="Waiter\File_IO.cpp">
      <Filter>Source Files</Filter>
    </ClCompile>
    <ClCompile Include="Waiter\Waiter.cpp">
      <Filter>Source Files</Filter>
    </ClCompile>
    <ClCompile Include="Baker\box.cpp">
      <Filter>Source Files</Filter>
    </ClCompile>
    <ClCompile Include="410_proj4.cpp">
      <Filter>Source Files</Filter>
    </ClCompile>
  </ItemGroup>
</Project>